
Microsoft Visual Studio Solution File, Format Version 12.00
# Visual Studio 15
VisualStudioVersion = 15.0.26730.10
MinimumVisualStudioVersion = 10.0.40219.1
Project("{9A19103F-16F7-4668-BE54-9A1E7A4F7556}") = "ITLibrium.BDD", "ITLibrium.BDD\ITLibrium.BDD.csproj", "{B1327CE8-BDDD-458A-9530-F00214C02C56}"
EndProject
Project("{9A19103F-16F7-4668-BE54-9A1E7A4F7556}") = "ITLibrium.BDD.Tests", "ITLibrium.BDD.Tests\ITLibrium.BDD.Tests.csproj", "{259FC4E5-1D4F-4EED-B20D-67A485B5BCA1}"
EndProject
Project("{9A19103F-16F7-4668-BE54-9A1E7A4F7556}") = "ITLibrium.BDD.Shouldly.Tests", "ITLibrium.BDD.Shouldly.Tests\ITLibrium.BDD.Shouldly.Tests.csproj", "{3822D857-890D-4854-B6FC-90B848957ED5}"
EndProject
Project("{9A19103F-16F7-4668-BE54-9A1E7A4F7556}") = "ITLibrium.BDD.Shouldly", "ITLibrium.BDD.Shouldly\ITLibrium.BDD.Shouldly.csproj", "{B4A416BC-93B4-412E-AEA9-D8A411A51E94}"
EndProject
Project("{FAE04EC0-301F-11D3-BF4B-00C04F79EFBC}") = "ITLibrium.BDD.FluentAssertions", "ITLibrium.BDD.FluentAssertions\ITLibrium.BDD.FluentAssertions.csproj", "{976E6C80-716B-4410-BEA5-A5D17F0DD7E7}"
EndProject
Project("{FAE04EC0-301F-11D3-BF4B-00C04F79EFBC}") = "ITLibrium.BDD.FluentAssertions.Tests", "ITLibrium.BDD.FluentAssertions.Tests\ITLibrium.BDD.FluentAssertions.Tests.csproj", "{49A7692E-751B-418B-9B37-6AFE0098A590}"
EndProject
Global
	GlobalSection(SolutionConfigurationPlatforms) = preSolution
		Debug|Any CPU = Debug|Any CPU
		Release|Any CPU = Release|Any CPU
	EndGlobalSection
	GlobalSection(ProjectConfigurationPlatforms) = postSolution
		{B1327CE8-BDDD-458A-9530-F00214C02C56}.Debug|Any CPU.ActiveCfg = Debug|Any CPU
		{B1327CE8-BDDD-458A-9530-F00214C02C56}.Debug|Any CPU.Build.0 = Debug|Any CPU
		{B1327CE8-BDDD-458A-9530-F00214C02C56}.Release|Any CPU.ActiveCfg = Release|Any CPU
		{B1327CE8-BDDD-458A-9530-F00214C02C56}.Release|Any CPU.Build.0 = Release|Any CPU
		{259FC4E5-1D4F-4EED-B20D-67A485B5BCA1}.Debug|Any CPU.ActiveCfg = Debug|Any CPU
		{259FC4E5-1D4F-4EED-B20D-67A485B5BCA1}.Debug|Any CPU.Build.0 = Debug|Any CPU
		{259FC4E5-1D4F-4EED-B20D-67A485B5BCA1}.Release|Any CPU.ActiveCfg = Release|Any CPU
		{259FC4E5-1D4F-4EED-B20D-67A485B5BCA1}.Release|Any CPU.Build.0 = Release|Any CPU
		{3822D857-890D-4854-B6FC-90B848957ED5}.Debug|Any CPU.ActiveCfg = Debug|Any CPU
		{3822D857-890D-4854-B6FC-90B848957ED5}.Debug|Any CPU.Build.0 = Debug|Any CPU
		{3822D857-890D-4854-B6FC-90B848957ED5}.Release|Any CPU.ActiveCfg = Release|Any CPU
		{3822D857-890D-4854-B6FC-90B848957ED5}.Release|Any CPU.Build.0 = Release|Any CPU
		{B4A416BC-93B4-412E-AEA9-D8A411A51E94}.Debug|Any CPU.ActiveCfg = Debug|Any CPU
		{B4A416BC-93B4-412E-AEA9-D8A411A51E94}.Debug|Any CPU.Build.0 = Debug|Any CPU
		{B4A416BC-93B4-412E-AEA9-D8A411A51E94}.Release|Any CPU.ActiveCfg = Release|Any CPU
		{B4A416BC-93B4-412E-AEA9-D8A411A51E94}.Release|Any CPU.Build.0 = Release|Any CPU
		{976E6C80-716B-4410-BEA5-A5D17F0DD7E7}.Debug|Any CPU.ActiveCfg = Debug|Any CPU
		{976E6C80-716B-4410-BEA5-A5D17F0DD7E7}.Debug|Any CPU.Build.0 = Debug|Any CPU
		{976E6C80-716B-4410-BEA5-A5D17F0DD7E7}.Release|Any CPU.ActiveCfg = Release|Any CPU
		{976E6C80-716B-4410-BEA5-A5D17F0DD7E7}.Release|Any CPU.Build.0 = Release|Any CPU
		{49A7692E-751B-418B-9B37-6AFE0098A590}.Debug|Any CPU.ActiveCfg = Debug|Any CPU
		{49A7692E-751B-418B-9B37-6AFE0098A590}.Debug|Any CPU.Build.0 = Debug|Any CPU
		{49A7692E-751B-418B-9B37-6AFE0098A590}.Release|Any CPU.ActiveCfg = Release|Any CPU
		{49A7692E-751B-418B-9B37-6AFE0098A590}.Release|Any CPU.Build.0 = Release|Any CPU
	EndGlobalSection
	GlobalSection(SolutionProperties) = preSolution
		HideSolutionNode = FALSE
	EndGlobalSection
	GlobalSection(ExtensibilityGlobals) = postSolution
		SolutionGuid = {3F9EC8DD-1D3D-4220-BF90-7510B002CAAF}
	EndGlobalSection
EndGlobal
